
Microsoft Visual Studio Solution File, Format Version 12.00
# Visual Studio Version 17
VisualStudioVersion = 17.5.33516.290
MinimumVisualStudioVersion = 10.0.40219.1
Project("{FAE04EC0-301F-11D3-BF4B-00C04F79EFBC}") = "MeuPrimeiroProjeto", "MeuPrimeiroProjeto\MeuPrimeiroProjeto.csproj", "{8BFA6570-0AFC-4AF0-A3A4-3DEC2967C59A}"
EndProject
Project("{FAE04EC0-301F-11D3-BF4B-00C04F79EFBC}") = "PluginsTreinamento", "PluginsTreinamento\PluginsTreinamento.csproj", "{481EFE77-96BF-4ACB-AFB3-250625EC8A9E}"
EndProject
Global
	GlobalSection(SolutionConfigurationPlatforms) = preSolution
		Debug|Any CPU = Debug|Any CPU
		Release|Any CPU = Release|Any CPU
	EndGlobalSection
	GlobalSection(ProjectConfigurationPlatforms) = postSolution
		{8BFA6570-0AFC-4AF0-A3A4-3DEC2967C59A}.Debug|Any CPU.ActiveCfg = Debug|Any CPU
		{8BFA6570-0AFC-4AF0-A3A4-3DEC2967C59A}.Debug|Any CPU.Build.0 = Debug|Any CPU
		{8BFA6570-0AFC-4AF0-A3A4-3DEC2967C59A}.Release|Any CPU.ActiveCfg = Release|Any CPU
		{8BFA6570-0AFC-4AF0-A3A4-3DEC2967C59A}.Release|Any CPU.Build.0 = Release|Any CPU
		{481EFE77-96BF-4ACB-AFB3-250625EC8A9E}.Debug|Any CPU.ActiveCfg = Debug|Any CPU
		{481EFE77-96BF-4ACB-AFB3-250625EC8A9E}.Debug|Any CPU.Build.0 = Debug|Any CPU
		{481EFE77-96BF-4ACB-AFB3-250625EC8A9E}.Release|Any CPU.ActiveCfg = Release|Any CPU
		{481EFE77-96BF-4ACB-AFB3-250625EC8A9E}.Release|Any CPU.Build.0 = Release|Any CPU
	EndGlobalSection
	GlobalSection(SolutionProperties) = preSolution
		HideSolutionNode = FALSE
	EndGlobalSection
	GlobalSection(ExtensibilityGlobals) = postSolution
		SolutionGuid = {D3A2CC12-0BCB-48D6-AFA5-72A888F02A9C}
	EndGlobalSection
EndGlobal
